
Microsoft Visual Studio Solution File, Format Version 12.00
# Visual Studio Version 17
VisualStudioVersion = 17.2.32616.157
MinimumVisualStudioVersion = 10.0.40219.1
Project("{FAE04EC0-301F-11D3-BF4B-00C04F79EFBC}") = "CRUDWeb", "BookManagmentWeb\CRUDWeb.csproj", "{BD848791-51A7-4B5F-8895-6433EE9C232E}"
EndProject
Global
	GlobalSection(SolutionConfigurationPlatforms) = preSolution
		Debug|Any CPU = Debug|Any CPU
		Release|Any CPU = Release|Any CPU
	EndGlobalSection
	GlobalSection(ProjectConfigurationPlatforms) = postSolution
		{BD848791-51A7-4B5F-8895-6433EE9C232E}.Debug|Any CPU.ActiveCfg = Debug|Any CPU
		{BD848791-51A7-4B5F-8895-6433EE9C232E}.Debug|Any CPU.Build.0 = Debug|Any CPU
		{BD848791-51A7-4B5F-8895-6433EE9C232E}.Release|Any CPU.ActiveCfg = Release|Any CPU
		{BD848791-51A7-4B5F-8895-6433EE9C232E}.Release|Any CPU.Build.0 = Release|Any CPU
	EndGlobalSection
	GlobalSection(SolutionProperties) = preSolution
		HideSolutionNode = FALSE
	EndGlobalSection
	GlobalSection(ExtensibilityGlobals) = postSolution
		SolutionGuid = {A0799404-8FF7-4552-88D3-9BB17F5AB97D}
	EndGlobalSection
EndGlobal
